
Microsoft Visual Studio Solution File, Format Version 12.00
# Visual Studio Version 16
VisualStudioVersion = 16.0.32228.343
MinimumVisualStudioVersion = 10.0.40219.1
Project("{FAE04EC0-301F-11D3-BF4B-00C04F79EFBC}") = "IgnisLab", "IgnisLab\IgnisLab.csproj", "{99936D80-CF8A-4DCD-8E1F-04DC05F35484}"
EndProject
Global
	GlobalSection(SolutionConfigurationPlatforms) = preSolution
		Debug|Any CPU = Debug|Any CPU
		Release|Any CPU = Release|Any CPU
	EndGlobalSection
	GlobalSection(ProjectConfigurationPlatforms) = postSolution
		{99936D80-CF8A-4DCD-8E1F-04DC05F35484}.Debug|Any CPU.ActiveCfg = Debug|Any CPU
		{99936D80-CF8A-4DCD-8E1F-04DC05F35484}.Debug|Any CPU.Build.0 = Debug|Any CPU
		{99936D80-CF8A-4DCD-8E1F-04DC05F35484}.Release|Any CPU.ActiveCfg = Release|Any CPU
		{99936D80-CF8A-4DCD-8E1F-04DC05F35484}.Release|Any CPU.Build.0 = Release|Any CPU
	EndGlobalSection
	GlobalSection(SolutionProperties) = preSolution
		HideSolutionNode = FALSE
	EndGlobalSection
	GlobalSection(ExtensibilityGlobals) = postSolution
		SolutionGuid = {D6F33224-EC6E-4016-A0E1-FECC8459B444}
	EndGlobalSection
EndGlobal
